
Microsoft Visual Studio Solution File, Format Version 12.00
# Visual Studio Version 17
VisualStudioVersion = 17.5.33627.172
MinimumVisualStudioVersion = 10.0.40219.1
Project("{FAE04EC0-301F-11D3-BF4B-00C04F79EFBC}") = "1nceEx", "1nceEx.csproj", "{C9A557D0-4470-44CA-89D7-350330B2F30F}"
EndProject
Global
	GlobalSection(SolutionConfigurationPlatforms) = preSolution
		Debug|Any CPU = Debug|Any CPU
		Release|Any CPU = Release|Any CPU
	EndGlobalSection
	GlobalSection(ProjectConfigurationPlatforms) = postSolution
		{C9A557D0-4470-44CA-89D7-350330B2F30F}.Debug|Any CPU.ActiveCfg = Debug|Any CPU
		{C9A557D0-4470-44CA-89D7-350330B2F30F}.Debug|Any CPU.Build.0 = Debug|Any CPU
		{C9A557D0-4470-44CA-89D7-350330B2F30F}.Release|Any CPU.ActiveCfg = Release|Any CPU
		{C9A557D0-4470-44CA-89D7-350330B2F30F}.Release|Any CPU.Build.0 = Release|Any CPU
	EndGlobalSection
	GlobalSection(SolutionProperties) = preSolution
		HideSolutionNode = FALSE
	EndGlobalSection
	GlobalSection(ExtensibilityGlobals) = postSolution
		SolutionGuid = {ACE3D24D-1FAE-4A53-9E21-9923F502C044}
	EndGlobalSection
EndGlobal
